
Microsoft Visual Studio Solution File, Format Version 12.00
# Visual Studio Version 16
VisualStudioVersion = 16.0.31424.327
MinimumVisualStudioVersion = 10.0.40219.1
Project("{FAE04EC0-301F-11D3-BF4B-00C04F79EFBC}") = "ExcelWebAddInAuth", "ExcelWebAddInAuth.csproj", "{C95CCC55-963C-45CA-B72D-E3B68DA48FE9}"
EndProject
Project("{FAE04EC0-301F-11D3-BF4B-00C04F79EFBC}") = "ExcelWebAddInAuthWeb", "..\ExcelWebAddInAuthWeb\ExcelWebAddInAuthWeb.csproj", "{50D1D7F2-331B-484D-88C8-DFED41718849}"
EndProject
Project("{FAE04EC0-301F-11D3-BF4B-00C04F79EFBC}") = "AddInAuthWebProj", "AddInAuthWebProj\AddInAuthWebProj.csproj", "{7FB4E096-3C7A-4C73-83B2-B0068288E225}"
EndProject
Global
	GlobalSection(SolutionConfigurationPlatforms) = preSolution
		Debug|Any CPU = Debug|Any CPU
		Release|Any CPU = Release|Any CPU
	EndGlobalSection
	GlobalSection(ProjectConfigurationPlatforms) = postSolution
		{C95CCC55-963C-45CA-B72D-E3B68DA48FE9}.Debug|Any CPU.ActiveCfg = Debug|Any CPU
		{C95CCC55-963C-45CA-B72D-E3B68DA48FE9}.Debug|Any CPU.Build.0 = Debug|Any CPU
		{C95CCC55-963C-45CA-B72D-E3B68DA48FE9}.Debug|Any CPU.Deploy.0 = Debug|Any CPU
		{C95CCC55-963C-45CA-B72D-E3B68DA48FE9}.Release|Any CPU.ActiveCfg = Release|Any CPU
		{C95CCC55-963C-45CA-B72D-E3B68DA48FE9}.Release|Any CPU.Build.0 = Release|Any CPU
		{C95CCC55-963C-45CA-B72D-E3B68DA48FE9}.Release|Any CPU.Deploy.0 = Release|Any CPU
		{50D1D7F2-331B-484D-88C8-DFED41718849}.Debug|Any CPU.ActiveCfg = Debug|Any CPU
		{50D1D7F2-331B-484D-88C8-DFED41718849}.Debug|Any CPU.Build.0 = Debug|Any CPU
		{50D1D7F2-331B-484D-88C8-DFED41718849}.Release|Any CPU.ActiveCfg = Release|Any CPU
		{50D1D7F2-331B-484D-88C8-DFED41718849}.Release|Any CPU.Build.0 = Release|Any CPU
		{7FB4E096-3C7A-4C73-83B2-B0068288E225}.Debug|Any CPU.ActiveCfg = Debug|Any CPU
		{7FB4E096-3C7A-4C73-83B2-B0068288E225}.Debug|Any CPU.Build.0 = Debug|Any CPU
		{7FB4E096-3C7A-4C73-83B2-B0068288E225}.Release|Any CPU.ActiveCfg = Release|Any CPU
		{7FB4E096-3C7A-4C73-83B2-B0068288E225}.Release|Any CPU.Build.0 = Release|Any CPU
	EndGlobalSection
	GlobalSection(SolutionProperties) = preSolution
		HideSolutionNode = FALSE
	EndGlobalSection
	GlobalSection(ExtensibilityGlobals) = postSolution
		SolutionGuid = {684F021B-9B1A-4249-8515-F124946F6E62}
	EndGlobalSection
EndGlobal
